
Microsoft Visual Studio Solution File, Format Version 12.00
# Visual Studio Version 17
VisualStudioVersion = 17.7.34024.191
MinimumVisualStudioVersion = 10.0.40219.1
Project("{FAE04EC0-301F-11D3-BF4B-00C04F79EFBC}") = "SalesWebMvc", "SalesWebMvc\SalesWebMvc.csproj", "{4B89EABA-AFB2-4A8C-85D9-B8B9D3F08916}"
EndProject
Global
	GlobalSection(SolutionConfigurationPlatforms) = preSolution
		Debug|Any CPU = Debug|Any CPU
		Release|Any CPU = Release|Any CPU
	EndGlobalSection
	GlobalSection(ProjectConfigurationPlatforms) = postSolution
		{4B89EABA-AFB2-4A8C-85D9-B8B9D3F08916}.Debug|Any CPU.ActiveCfg = Debug|Any CPU
		{4B89EABA-AFB2-4A8C-85D9-B8B9D3F08916}.Debug|Any CPU.Build.0 = Debug|Any CPU
		{4B89EABA-AFB2-4A8C-85D9-B8B9D3F08916}.Release|Any CPU.ActiveCfg = Release|Any CPU
		{4B89EABA-AFB2-4A8C-85D9-B8B9D3F08916}.Release|Any CPU.Build.0 = Release|Any CPU
	EndGlobalSection
	GlobalSection(SolutionProperties) = preSolution
		HideSolutionNode = FALSE
	EndGlobalSection
	GlobalSection(ExtensibilityGlobals) = postSolution
		SolutionGuid = {2CA89DD1-D126-4302-B5B5-8044D43BCC5F}
	EndGlobalSection
EndGlobal
